
Microsoft Visual Studio Solution File, Format Version 12.00
# Visual Studio Version 17
VisualStudioVersion = 17.8.34408.163
MinimumVisualStudioVersion = 10.0.40219.1
Project("{FAE04EC0-301F-11D3-BF4B-00C04F79EFBC}") = "WebApiMongoDb.Server", "WebApiMongoDb.Server\WebApiMongoDb.Server.csproj", "{8D51ED00-EB3E-4277-9A91-BE9A725B1A61}"
EndProject
Project("{54A90642-561A-4BB1-A94E-469ADEE60C69}") = "webapimongodb.client", "webapimongodb.client\webapimongodb.client.esproj", "{28DECD5F-A769-4642-8E49-78BE8133627C}"
EndProject
Global
	GlobalSection(SolutionConfigurationPlatforms) = preSolution
		Debug|Any CPU = Debug|Any CPU
		Release|Any CPU = Release|Any CPU
	EndGlobalSection
	GlobalSection(ProjectConfigurationPlatforms) = postSolution
		{8D51ED00-EB3E-4277-9A91-BE9A725B1A61}.Debug|Any CPU.ActiveCfg = Debug|Any CPU
		{8D51ED00-EB3E-4277-9A91-BE9A725B1A61}.Debug|Any CPU.Build.0 = Debug|Any CPU
		{8D51ED00-EB3E-4277-9A91-BE9A725B1A61}.Release|Any CPU.ActiveCfg = Release|Any CPU
		{8D51ED00-EB3E-4277-9A91-BE9A725B1A61}.Release|Any CPU.Build.0 = Release|Any CPU
		{28DECD5F-A769-4642-8E49-78BE8133627C}.Debug|Any CPU.ActiveCfg = Debug|Any CPU
		{28DECD5F-A769-4642-8E49-78BE8133627C}.Debug|Any CPU.Build.0 = Debug|Any CPU
		{28DECD5F-A769-4642-8E49-78BE8133627C}.Debug|Any CPU.Deploy.0 = Debug|Any CPU
		{28DECD5F-A769-4642-8E49-78BE8133627C}.Release|Any CPU.ActiveCfg = Release|Any CPU
		{28DECD5F-A769-4642-8E49-78BE8133627C}.Release|Any CPU.Build.0 = Release|Any CPU
		{28DECD5F-A769-4642-8E49-78BE8133627C}.Release|Any CPU.Deploy.0 = Release|Any CPU
	EndGlobalSection
	GlobalSection(SolutionProperties) = preSolution
		HideSolutionNode = FALSE
	EndGlobalSection
	GlobalSection(ExtensibilityGlobals) = postSolution
		SolutionGuid = {8B4F6348-E533-4D9F-B12F-7C4049A7302C}
	EndGlobalSection
EndGlobal
